
Microsoft Visual Studio Solution File, Format Version 12.00
# Visual Studio Version 16
VisualStudioVersion = 16.0.31702.278
MinimumVisualStudioVersion = 10.0.40219.1
Project("{FAE04EC0-301F-11D3-BF4B-00C04F79EFBC}") = "Lab13", "Lab13\Lab13.csproj", "{076895B3-3930-4637-9909-EA0EDE165136}"
EndProject
Global
	GlobalSection(SolutionConfigurationPlatforms) = preSolution
		Debug|Any CPU = Debug|Any CPU
		Release|Any CPU = Release|Any CPU
	EndGlobalSection
	GlobalSection(ProjectConfigurationPlatforms) = postSolution
		{076895B3-3930-4637-9909-EA0EDE165136}.Debug|Any CPU.ActiveCfg = Debug|Any CPU
		{076895B3-3930-4637-9909-EA0EDE165136}.Debug|Any CPU.Build.0 = Debug|Any CPU
		{076895B3-3930-4637-9909-EA0EDE165136}.Release|Any CPU.ActiveCfg = Release|Any CPU
		{076895B3-3930-4637-9909-EA0EDE165136}.Release|Any CPU.Build.0 = Release|Any CPU
	EndGlobalSection
	GlobalSection(SolutionProperties) = preSolution
		HideSolutionNode = FALSE
	EndGlobalSection
	GlobalSection(ExtensibilityGlobals) = postSolution
		SolutionGuid = {6E381C71-9786-46C7-87E8-E4F05F820515}
	EndGlobalSection
EndGlobal
